
Microsoft Visual Studio Solution File, Format Version 12.00
# Visual Studio Version 16
VisualStudioVersion = 16.0.30611.23
MinimumVisualStudioVersion = 10.0.40219.1
Project("{FAE04EC0-301F-11D3-BF4B-00C04F79EFBC}") = "FamilyTree", "FamilyTree.csproj", "{147C272A-0E95-4D9B-B025-FDB221779E83}"
EndProject
Global
	GlobalSection(SolutionConfigurationPlatforms) = preSolution
		Debug|Any CPU = Debug|Any CPU
		Release|Any CPU = Release|Any CPU
	EndGlobalSection
	GlobalSection(ProjectConfigurationPlatforms) = postSolution
		{147C272A-0E95-4D9B-B025-FDB221779E83}.Debug|Any CPU.ActiveCfg = Debug|Any CPU
		{147C272A-0E95-4D9B-B025-FDB221779E83}.Debug|Any CPU.Build.0 = Debug|Any CPU
		{147C272A-0E95-4D9B-B025-FDB221779E83}.Release|Any CPU.ActiveCfg = Release|Any CPU
		{147C272A-0E95-4D9B-B025-FDB221779E83}.Release|Any CPU.Build.0 = Release|Any CPU
	EndGlobalSection
	GlobalSection(SolutionProperties) = preSolution
		HideSolutionNode = FALSE
	EndGlobalSection
	GlobalSection(ExtensibilityGlobals) = postSolution
		SolutionGuid = {78F1B788-3524-4DE0-9846-4E10D5610AAE}
	EndGlobalSection
EndGlobal
